
Microsoft Visual Studio Solution File, Format Version 12.00
# Visual Studio Version 16
VisualStudioVersion = 16.0.30104.148
MinimumVisualStudioVersion = 10.0.40219.1
Project("{2150E333-8FDC-42A3-9474-1A3956D46DE8}") = "Chapter 1", "Chapter 1", "{ED8E636F-6709-4DDD-B23F-8EEF69C2B4BA}"
EndProject
Project("{2150E333-8FDC-42A3-9474-1A3956D46DE8}") = "Chapter 2", "Chapter 2", "{B8021FF4-09A9-432C-8C0F-DB7B79C0BDF8}"
EndProject
Project("{2150E333-8FDC-42A3-9474-1A3956D46DE8}") = "Chapter 3", "Chapter 3", "{A6D73844-87F8-4474-9373-440F46146B28}"
EndProject
Project("{FAE04EC0-301F-11D3-BF4B-00C04F79EFBC}") = "ConsoleAppChapter2", "scr\Chapter 2\ConsoleAppChapter2\ConsoleAppChapter2.csproj", "{3BD32E39-5CC9-4C9D-A863-980C7455613D}"
EndProject
Project("{FAE04EC0-301F-11D3-BF4B-00C04F79EFBC}") = "Contacts", "scr\Chapter 1\Contacts\Contacts.csproj", "{436F766D-E9C0-4872-87BF-4AFE6D48D96E}"
EndProject
Project("{FAE04EC0-301F-11D3-BF4B-00C04F79EFBC}") = "WindowsFormsAppChapter2", "scr\Chapter 2\WindowsFormsAppChapter2\WindowsFormsAppChapter2.csproj", "{83A7A1CC-801D-4F90-BA45-94F93F9D474F}"
EndProject
Project("{FAE04EC0-301F-11D3-BF4B-00C04F79EFBC}") = "FunWithStatements", "scr\Chapter 2\FunWithStatements\FunWithStatements.csproj", "{5C545CDA-2019-4F16-A3C2-FCD1BCA54180}"
EndProject
Project("{FAE04EC0-301F-11D3-BF4B-00C04F79EFBC}") = "Flashy", "scr\Chapter 2\Flashy\Flashy.csproj", "{0F55F40B-3756-4904-9F1A-FE3DBB8ED725}"
EndProject
Project("{FAE04EC0-301F-11D3-BF4B-00C04F79EFBC}") = "TalkerTester", "scr\Chapter 3\TalkerTester\TalkerTester.csproj", "{76670EE5-2DCC-4066-96E7-9062C02DD0AD}"
EndProject
Project("{FAE04EC0-301F-11D3-BF4B-00C04F79EFBC}") = "Guys", "scr\Chapter 3\Guys\Guys.csproj", "{D4219282-A7EE-4EE7-AF71-078E95CDA54E}"
EndProject
Project("{2150E333-8FDC-42A3-9474-1A3956D46DE8}") = "Chapter 4", "Chapter 4", "{DED49A4C-52DB-4A33-A0E1-A9877816FE3F}"
EndProject
Project("{2150E333-8FDC-42A3-9474-1A3956D46DE8}") = "Lab 1", "Lab 1", "{C22CA5DB-E2DF-42FC-A5AC-19A5DE6BA81A}"
EndProject
Project("{FAE04EC0-301F-11D3-BF4B-00C04F79EFBC}") = "DayAtTheRaces", "scr\Lab 1\DayAtTheRaces\DayAtTheRaces.csproj", "{25434743-6516-4544-87DB-116423E954EA}"
EndProject
Project("{FAE04EC0-301F-11D3-BF4B-00C04F79EFBC}") = "SloppyJoes", "scr\Chapter 4\SloppyJoes\SloppyJoes.csproj", "{8B08E411-A6C3-452F-ADE7-B1B5DB7AAE44}"
EndProject
Project("{FAE04EC0-301F-11D3-BF4B-00C04F79EFBC}") = "TypingGame", "scr\Chapter 4\TypingGame\TypingGame.csproj", "{E5ED924A-128B-4032-8E91-C459D62371CE}"
EndProject
Global
	GlobalSection(SolutionConfigurationPlatforms) = preSolution
		Debug|Any CPU = Debug|Any CPU
		Release|Any CPU = Release|Any CPU
	EndGlobalSection
	GlobalSection(ProjectConfigurationPlatforms) = postSolution
		{3BD32E39-5CC9-4C9D-A863-980C7455613D}.Debug|Any CPU.ActiveCfg = Debug|Any CPU
		{3BD32E39-5CC9-4C9D-A863-980C7455613D}.Debug|Any CPU.Build.0 = Debug|Any CPU
		{3BD32E39-5CC9-4C9D-A863-980C7455613D}.Release|Any CPU.ActiveCfg = Release|Any CPU
		{3BD32E39-5CC9-4C9D-A863-980C7455613D}.Release|Any CPU.Build.0 = Release|Any CPU
		{436F766D-E9C0-4872-87BF-4AFE6D48D96E}.Debug|Any CPU.ActiveCfg = Debug|Any CPU
		{436F766D-E9C0-4872-87BF-4AFE6D48D96E}.Debug|Any CPU.Build.0 = Debug|Any CPU
		{436F766D-E9C0-4872-87BF-4AFE6D48D96E}.Release|Any CPU.ActiveCfg = Release|Any CPU
		{436F766D-E9C0-4872-87BF-4AFE6D48D96E}.Release|Any CPU.Build.0 = Release|Any CPU
		{83A7A1CC-801D-4F90-BA45-94F93F9D474F}.Debug|Any CPU.ActiveCfg = Debug|Any CPU
		{83A7A1CC-801D-4F90-BA45-94F93F9D474F}.Debug|Any CPU.Build.0 = Debug|Any CPU
		{83A7A1CC-801D-4F90-BA45-94F93F9D474F}.Release|Any CPU.ActiveCfg = Release|Any CPU
		{83A7A1CC-801D-4F90-BA45-94F93F9D474F}.Release|Any CPU.Build.0 = Release|Any CPU
		{5C545CDA-2019-4F16-A3C2-FCD1BCA54180}.Debug|Any CPU.ActiveCfg = Debug|Any CPU
		{5C545CDA-2019-4F16-A3C2-FCD1BCA54180}.Debug|Any CPU.Build.0 = Debug|Any CPU
		{5C545CDA-2019-4F16-A3C2-FCD1BCA54180}.Release|Any CPU.ActiveCfg = Release|Any CPU
		{5C545CDA-2019-4F16-A3C2-FCD1BCA54180}.Release|Any CPU.Build.0 = Release|Any CPU
		{0F55F40B-3756-4904-9F1A-FE3DBB8ED725}.Debug|Any CPU.ActiveCfg = Debug|Any CPU
		{0F55F40B-3756-4904-9F1A-FE3DBB8ED725}.Debug|Any CPU.Build.0 = Debug|Any CPU
		{0F55F40B-3756-4904-9F1A-FE3DBB8ED725}.Release|Any CPU.ActiveCfg = Release|Any CPU
		{0F55F40B-3756-4904-9F1A-FE3DBB8ED725}.Release|Any CPU.Build.0 = Release|Any CPU
		{76670EE5-2DCC-4066-96E7-9062C02DD0AD}.Debug|Any CPU.ActiveCfg = Debug|Any CPU
		{76670EE5-2DCC-4066-96E7-9062C02DD0AD}.Debug|Any CPU.Build.0 = Debug|Any CPU
		{76670EE5-2DCC-4066-96E7-9062C02DD0AD}.Release|Any CPU.ActiveCfg = Release|Any CPU
		{76670EE5-2DCC-4066-96E7-9062C02DD0AD}.Release|Any CPU.Build.0 = Release|Any CPU
		{D4219282-A7EE-4EE7-AF71-078E95CDA54E}.Debug|Any CPU.ActiveCfg = Debug|Any CPU
		{D4219282-A7EE-4EE7-AF71-078E95CDA54E}.Debug|Any CPU.Build.0 = Debug|Any CPU
		{D4219282-A7EE-4EE7-AF71-078E95CDA54E}.Release|Any CPU.ActiveCfg = Release|Any CPU
		{D4219282-A7EE-4EE7-AF71-078E95CDA54E}.Release|Any CPU.Build.0 = Release|Any CPU
		{25434743-6516-4544-87DB-116423E954EA}.Debug|Any CPU.ActiveCfg = Debug|Any CPU
		{25434743-6516-4544-87DB-116423E954EA}.Debug|Any CPU.Build.0 = Debug|Any CPU
		{25434743-6516-4544-87DB-116423E954EA}.Release|Any CPU.ActiveCfg = Release|Any CPU
		{25434743-6516-4544-87DB-116423E954EA}.Release|Any CPU.Build.0 = Release|Any CPU
		{8B08E411-A6C3-452F-ADE7-B1B5DB7AAE44}.Debug|Any CPU.ActiveCfg = Debug|Any CPU
		{8B08E411-A6C3-452F-ADE7-B1B5DB7AAE44}.Debug|Any CPU.Build.0 = Debug|Any CPU
		{8B08E411-A6C3-452F-ADE7-B1B5DB7AAE44}.Release|Any CPU.ActiveCfg = Release|Any CPU
		{8B08E411-A6C3-452F-ADE7-B1B5DB7AAE44}.Release|Any CPU.Build.0 = Release|Any CPU
		{E5ED924A-128B-4032-8E91-C459D62371CE}.Debug|Any CPU.ActiveCfg = Debug|Any CPU
		{E5ED924A-128B-4032-8E91-C459D62371CE}.Debug|Any CPU.Build.0 = Debug|Any CPU
		{E5ED924A-128B-4032-8E91-C459D62371CE}.Release|Any CPU.ActiveCfg = Release|Any CPU
		{E5ED924A-128B-4032-8E91-C459D62371CE}.Release|Any CPU.Build.0 = Release|Any CPU
	EndGlobalSection
	GlobalSection(SolutionProperties) = preSolution
		HideSolutionNode = FALSE
	EndGlobalSection
	GlobalSection(NestedProjects) = preSolution
		{3BD32E39-5CC9-4C9D-A863-980C7455613D} = {B8021FF4-09A9-432C-8C0F-DB7B79C0BDF8}
		{436F766D-E9C0-4872-87BF-4AFE6D48D96E} = {ED8E636F-6709-4DDD-B23F-8EEF69C2B4BA}
		{83A7A1CC-801D-4F90-BA45-94F93F9D474F} = {B8021FF4-09A9-432C-8C0F-DB7B79C0BDF8}
		{5C545CDA-2019-4F16-A3C2-FCD1BCA54180} = {B8021FF4-09A9-432C-8C0F-DB7B79C0BDF8}
		{0F55F40B-3756-4904-9F1A-FE3DBB8ED725} = {B8021FF4-09A9-432C-8C0F-DB7B79C0BDF8}
		{76670EE5-2DCC-4066-96E7-9062C02DD0AD} = {A6D73844-87F8-4474-9373-440F46146B28}
		{D4219282-A7EE-4EE7-AF71-078E95CDA54E} = {A6D73844-87F8-4474-9373-440F46146B28}
		{25434743-6516-4544-87DB-116423E954EA} = {C22CA5DB-E2DF-42FC-A5AC-19A5DE6BA81A}
		{8B08E411-A6C3-452F-ADE7-B1B5DB7AAE44} = {DED49A4C-52DB-4A33-A0E1-A9877816FE3F}
		{E5ED924A-128B-4032-8E91-C459D62371CE} = {DED49A4C-52DB-4A33-A0E1-A9877816FE3F}
	EndGlobalSection
	GlobalSection(ExtensibilityGlobals) = postSolution
		SolutionGuid = {D02BC6FB-6055-4338-B196-DB62939D57E1}
	EndGlobalSection
EndGlobal
